// !$*UTF8*$!
{
	archiveVersion = 1;
	classes = {
	};
	objectVersion = 48;
	objects = {

/* Begin PBXBuildFile section */
		281576161FBE0C70006C957C /* AppDelegate.swift in Sources */ = {isa = PBXBuildFile; fileRef = 281576151FBE0C70006C957C /* AppDelegate.swift */; };
		281576181FBE0C70006C957C /* ViewController.swift in Sources */ = {isa = PBXBuildFile; fileRef = 281576171FBE0C70006C957C /* ViewController.swift */; };
		2815761B1FBE0C70006C957C /* Main.storyboard in Resources */ = {isa = PBXBuildFile; fileRef = 281576191FBE0C70006C957C /* Main.storyboard */; };
		2815761D1FBE0C70006C957C /* Assets.xcassets in Resources */ = {isa = PBXBuildFile; fileRef = 2815761C1FBE0C70006C957C /* Assets.xcassets */; };
		281576201FBE0C70006C957C /* LaunchScreen.storyboard in Resources */ = {isa = PBXBuildFile; fileRef = 2815761E1FBE0C70006C957C /* LaunchScreen.storyboard */; };
		281576491FBE0E1E006C957C /* Icon-57.png in Resources */ = {isa = PBXBuildFile; fileRef = 2815762B1FBE0E1B006C957C /* Icon-57.png */; };
		2815764A1FBE0E1E006C957C /* Icon-16.png in Resources */ = {isa = PBXBuildFile; fileRef = 2815762C1FBE0E1B006C957C /* Icon-16.png */; };
		2815764B1FBE0E1E006C957C /* Icon-50.png in Resources */ = {isa = PBXBuildFile; fileRef = 2815762D1FBE0E1B006C957C /* Icon-50.png */; };
		2815764C1FBE0E1E006C957C /* Icon-196.png in Resources */ = {isa = PBXBuildFile; fileRef = 2815762E1FBE0E1B006C957C /* Icon-196.png */; };
		2815764D1FBE0E1E006C957C /* Icon-512.png in Resources */ = {isa = PBXBuildFile; fileRef = 2815762F1FBE0E1B006C957C /* Icon-512.png */; };
		2815764E1FBE0E1E006C957C /* Icon-76.png in Resources */ = {isa = PBXBuildFile; fileRef = 281576301FBE0E1B006C957C /* Icon-76.png */; };
		2815764F1FBE0E1E006C957C /* Icon-128.png in Resources */ = {isa = PBXBuildFile; fileRef = 281576311FBE0E1B006C957C /* Icon-128.png */; };
		281576501FBE0E1E006C957C /* Icon-48.png in Resources */ = {isa = PBXBuildFile; fileRef = 281576321FBE0E1B006C957C /* Icon-48.png */; };
		281576511FBE0E1E006C957C /* Icon-167.png in Resources */ = {isa = PBXBuildFile; fileRef = 281576331FBE0E1B006C957C /* Icon-167.png */; };
		281576521FBE0E1E006C957C /* Icon-64.png in Resources */ = {isa = PBXBuildFile; fileRef = 281576341FBE0E1B006C957C /* Icon-64.png */; };
		281576531FBE0E1E006C957C /* Icon-40.png in Resources */ = {isa = PBXBuildFile; fileRef = 281576351FBE0E1B006C957C /* Icon-40.png */; };
		281576541FBE0E1E006C957C /* Icon-87.png in Resources */ = {isa = PBXBuildFile; fileRef = 281576361FBE0E1C006C957C /* Icon-87.png */; };
		281576551FBE0E1E006C957C /* Icon-152.png in Resources */ = {isa = PBXBuildFile; fileRef = 281576371FBE0E1C006C957C /* Icon-152.png */; };
		281576561FBE0E1E006C957C /* Icon-88.png in Resources */ = {isa = PBXBuildFile; fileRef = 281576381FBE0E1C006C957C /* Icon-88.png */; };
		281576571FBE0E1E006C957C /* Icon-72.png in Resources */ = {isa = PBXBuildFile; fileRef = 281576391FBE0E1C006C957C /* Icon-72.png */; };
		281576581FBE0E1E006C957C /* Icon-114.png in Resources */ = {isa = PBXBuildFile; fileRef = 2815763A1FBE0E1C006C957C /* Icon-114.png */; };
		281576591FBE0E1E006C957C /* Icon-32.png in Resources */ = {isa = PBXBuildFile; fileRef = 2815763B1FBE0E1C006C957C /* Icon-32.png */; };
		2815765A1FBE0E1E006C957C /* Icon-1024.png in Resources */ = {isa = PBXBuildFile; fileRef = 2815763C1FBE0E1C006C957C /* Icon-1024.png */; };
		2815765B1FBE0E1E006C957C /* Icon-20.png in Resources */ = {isa = PBXBuildFile; fileRef = 2815763D1FBE0E1C006C957C /* Icon-20.png */; };
		2815765C1FBE0E1E006C957C /* Icon-58.png in Resources */ = {isa = PBXBuildFile; fileRef = 2815763E1FBE0E1C006C957C /* Icon-58.png */; };
		2815765D1FBE0E1E006C957C /* Icon-144.png in Resources */ = {isa = PBXBuildFile; fileRef = 2815763F1FBE0E1C006C957C /* Icon-144.png */; };
		2815765E1FBE0E1E006C957C /* Icon-80.png in Resources */ = {isa = PBXBuildFile; fileRef = 281576401FBE0E1D006C957C /* Icon-80.png */; };
		2815765F1FBE0E1E006C957C /* Icon-29.png in Resources */ = {isa = PBXBuildFile; fileRef = 281576411FBE0E1D006C957C /* Icon-29.png */; };
		281576601FBE0E1E006C957C /* Icon-55.png in Resources */ = {isa = PBXBuildFile; fileRef = 281576421FBE0E1D006C957C /* Icon-55.png */; };
		281576611FBE0E1E006C957C /* Icon-180.png in Resources */ = {isa = PBXBuildFile; fileRef = 281576431FBE0E1D006C957C /* Icon-180.png */; };
		281576621FBE0E1E006C957C /* Icon-256.png in Resources */ = {isa = PBXBuildFile; fileRef = 281576441FBE0E1D006C957C /* Icon-256.png */; };
		281576631FBE0E1E006C957C /* Icon-60.png in Resources */ = {isa = PBXBuildFile; fileRef = 281576451FBE0E1D006C957C /* Icon-60.png */; };
		281576641FBE0E1E006C957C /* Icon-172.png in Resources */ = {isa = PBXBuildFile; fileRef = 281576461FBE0E1E006C957C /* Icon-172.png */; };
		281576651FBE0E1E006C957C /* Icon-100.png in Resources */ = {isa = PBXBuildFile; fileRef = 281576471FBE0E1E006C957C /* Icon-100.png */; };
		281576661FBE0E1E006C957C /* Icon-120.png in Resources */ = {isa = PBXBuildFile; fileRef = 281576481FBE0E1E006C957C /* Icon-120.png */; };
		284618DE1FBE3BAE00ED153E /* UserDefaultsManager.swift in Sources */ = {isa = PBXBuildFile; fileRef = 284618DD1FBE3BAE00ED153E /* UserDefaultsManager.swift */; };
		284618E01FBE6F4E00ED153E /* AddWords.swift in Sources */ = {isa = PBXBuildFile; fileRef = 284618DF1FBE6F4E00ED153E /* AddWords.swift */; };
		9B07A8E91FBF797600F23B9B /* hockey_Reverso.mov in Resources */ = {isa = PBXBuildFile; fileRef = 9B07A8E81FBF797600F23B9B /* hockey_Reverso.mov */; };
/* End PBXBuildFile section */

/* Begin PBXFileReference section */
		281576121FBE0C70006C957C /* hockey_Reverso.app */ = {isa = PBXFileReference; explicitFileType = wrapper.application; includeInIndex = 0; path = hockey_Reverso.app; sourceTree = BUILT_PRODUCTS_DIR; };
		281576151FBE0C70006C957C /* AppDelegate.swift */ = {isa = PBXFileReference; lastKnownFileType = sourcecode.swift; path = AppDelegate.swift; sourceTree = "<group>"; };
		281576171FBE0C70006C957C /* ViewController.swift */ = {isa = PBXFileReference; lastKnownFileType = sourcecode.swift; path = ViewController.swift; sourceTree = "<group>"; };
		2815761A1FBE0C70006C957C /* Base */ = {isa = PBXFileReference; lastKnownFileType = file.storyboard; name = Base; path = Base.lproj/Main.storyboard; sourceTree = "<group>"; };
		2815761C1FBE0C70006C957C /* Assets.xcassets */ = {isa = PBXFileReference; lastKnownFileType = folder.assetcatalog; path = Assets.xcassets; sourceTree = "<group>"; };
		2815761F1FBE0C70006C957C /* Base */ = {isa = PBXFileReference; lastKnownFileType = file.storyboard; name = Base; path = Base.lproj/LaunchScreen.storyboard; sourceTree = "<group>"; };
		281576211FBE0C70006C957C /* Info.plist */ = {isa = PBXFileReference; lastKnownFileType = text.plist.xml; path = Info.plist; sourceTree = "<group>"; };
		2815762B1FBE0E1B006C957C /* Icon-57.png */ = {isa = PBXFileReference; lastKnownFileType = image.png; path = "Icon-57.png"; sourceTree = "<group>"; };
		2815762C1FBE0E1B006C957C /* Icon-16.png */ = {isa = PBXFileReference; lastKnownFileType = image.png; path = "Icon-16.png"; sourceTree = "<group>"; };
		2815762D1FBE0E1B006C957C /* Icon-50.png */ = {isa = PBXFileReference; lastKnownFileType = image.png; path = "Icon-50.png"; sourceTree = "<group>"; };
		2815762E1FBE0E1B006C957C /* Icon-196.png */ = {isa = PBXFileReference; lastKnownFileType = image.png; path = "Icon-196.png"; sourceTree = "<group>"; };
		2815762F1FBE0E1B006C957C /* Icon-512.png */ = {isa = PBXFileReference; lastKnownFileType = image.png; path = "Icon-512.png"; sourceTree = "<group>"; };
		281576301FBE0E1B006C957C /* Icon-76.png */ = {isa = PBXFileReference; lastKnownFileType = image.png; path = "Icon-76.png"; sourceTree = "<group>"; };
		281576311FBE0E1B006C957C /* Icon-128.png */ = {isa = PBXFileReference; lastKnownFileType = image.png; path = "Icon-128.png"; sourceTree = "<group>"; };
		281576321FBE0E1B006C957C /* Icon-48.png */ = {isa = PBXFileReference; lastKnownFileType = image.png; path = "Icon-48.png"; sourceTree = "<group>"; };
		281576331FBE0E1B006C957C /* Icon-167.png */ = {isa = PBXFileReference; lastKnownFileType = image.png; path = "Icon-167.png"; sourceTree = "<group>"; };
		281576341FBE0E1B006C957C /* Icon-64.png */ = {isa = PBXFileReference; lastKnownFileType = image.png; path = "Icon-64.png"; sourceTree = "<group>"; };
		281576351FBE0E1B006C957C /* Icon-40.png */ = {isa = PBXFileReference; lastKnownFileType = image.png; path = "Icon-40.png"; sourceTree = "<group>"; };
		281576361FBE0E1C006C957C /* Icon-87.png */ = {isa = PBXFileReference; lastKnownFileType = image.png; path = "Icon-87.png"; sourceTree = "<group>"; };
		281576371FBE0E1C006C957C /* Icon-152.png */ = {isa = PBXFileReference; lastKnownFileType = image.png; path = "Icon-152.png"; sourceTree = "<group>"; };
		281576381FBE0E1C006C957C /* Icon-88.png */ = {isa = PBXFileReference; lastKnownFileType = image.png; path = "Icon-88.png"; sourceTree = "<group>"; };
		281576391FBE0E1C006C957C /* Icon-72.png */ = {isa = PBXFileReference; lastKnownFileType = image.png; path = "Icon-72.png"; sourceTree = "<group>"; };
		2815763A1FBE0E1C006C957C /* Icon-114.png */ = {isa = PBXFileReference; lastKnownFileType = image.png; path = "Icon-114.png"; sourceTree = "<group>"; };
		2815763B1FBE0E1C006C957C /* Icon-32.png */ = {isa = PBXFileReference; lastKnownFileType = image.png; path = "Icon-32.png"; sourceTree = "<group>"; };
		2815763C1FBE0E1C006C957C /* Icon-1024.png */ = {isa = PBXFileReference; lastKnownFileType = image.png; path = "Icon-1024.png"; sourceTree = "<group>"; };
		2815763D1FBE0E1C006C957C /* Icon-20.png */ = {isa = PBXFileReference; lastKnownFileType = image.png; path = "Icon-20.png"; sourceTree = "<group>"; };
		2815763E1FBE0E1C006C957C /* Icon-58.png */ = {isa = PBXFileReference; lastKnownFileType = image.png; path = "Icon-58.png"; sourceTree = "<group>"; };
		2815763F1FBE0E1C006C957C /* Icon-144.png */ = {isa = PBXFileReference; lastKnownFileType = image.png; path = "Icon-144.png"; sourceTree = "<group>"; };
		281576401FBE0E1D006C957C /* Icon-80.png */ = {isa = PBXFileReference; lastKnownFileType = image.png; path = "Icon-80.png"; sourceTree = "<group>"; };
		281576411FBE0E1D006C957C /* Icon-29.png */ = {isa = PBXFileReference; lastKnownFileType = image.png; path = "Icon-29.png"; sourceTree = "<group>"; };
		281576421FBE0E1D006C957C /* Icon-55.png */ = {isa = PBXFileReference; lastKnownFileType = image.png; path = "Icon-55.png"; sourceTree = "<group>"; };
		281576431FBE0E1D006C957C /* Icon-180.png */ = {isa = PBXFileReference; lastKnownFileType = image.png; path = "Icon-180.png"; sourceTree = "<group>"; };
		281576441FBE0E1D006C957C /* Icon-256.png */ = {isa = PBXFileReference; lastKnownFileType = image.png; path = "Icon-256.png"; sourceTree = "<group>"; };
		281576451FBE0E1D006C957C /* Icon-60.png */ = {isa = PBXFileReference; lastKnownFileType = image.png; path = "Icon-60.png"; sourceTree = "<group>"; };
		281576461FBE0E1E006C957C /* Icon-172.png */ = {isa = PBXFileReference; lastKnownFileType = image.png; path = "Icon-172.png"; sourceTree = "<group>"; };
		281576471FBE0E1E006C957C /* Icon-100.png */ = {isa = PBXFileReference; lastKnownFileType = image.png; path = "Icon-100.png"; sourceTree = "<group>"; };
		281576481FBE0E1E006C957C /* Icon-120.png */ = {isa = PBXFileReference; lastKnownFileType = image.png; path = "Icon-120.png"; sourceTree = "<group>"; };
		284618DD1FBE3BAE00ED153E /* UserDefaultsManager.swift */ = {isa = PBXFileReference; lastKnownFileType = sourcecode.swift; path = UserDefaultsManager.swift; sourceTree = "<group>"; };
		284618DF1FBE6F4E00ED153E /* AddWords.swift */ = {isa = PBXFileReference; lastKnownFileType = sourcecode.swift; path = AddWords.swift; sourceTree = "<group>"; };
		9B07A8E81FBF797600F23B9B /* hockey_Reverso.mov */ = {isa = PBXFileReference; lastKnownFileType = video.quicktime; name = hockey_Reverso.mov; path = ../../../Documents/hockey_Reverso.mov; sourceTree = "<group>"; };
/* End PBXFileReference section */

/* Begin PBXFrameworksBuildPhase section */
		2815760F1FBE0C70006C957C /* Frameworks */ = {
			isa = PBXFrameworksBuildPhase;
			buildActionMask = 2147483647;
			files = (
			);
			runOnlyForDeploymentPostprocessing = 0;
		};
/* End PBXFrameworksBuildPhase section */

/* Begin PBXGroup section */
		281576091FBE0C6F006C957C = {
			isa = PBXGroup;
			children = (
				281576141FBE0C70006C957C /* hockey_Reverso */,
				281576131FBE0C70006C957C /* Products */,
			);
			sourceTree = "<group>";
		};
		281576131FBE0C70006C957C /* Products */ = {
			isa = PBXGroup;
			children = (
				281576121FBE0C70006C957C /* hockey_Reverso.app */,
			);
			name = Products;
			sourceTree = "<group>";
		};
		281576141FBE0C70006C957C /* hockey_Reverso */ = {
			isa = PBXGroup;
			children = (
				9B07A8E81FBF797600F23B9B /* hockey_Reverso.mov */,
				281576271FBE0DC3006C957C /* images */,
				284618DD1FBE3BAE00ED153E /* UserDefaultsManager.swift */,
				281576151FBE0C70006C957C /* AppDelegate.swift */,
				281576171FBE0C70006C957C /* ViewController.swift */,
				284618DF1FBE6F4E00ED153E /* AddWords.swift */,
				281576191FBE0C70006C957C /* Main.storyboard */,
				2815761C1FBE0C70006C957C /* Assets.xcassets */,
				2815761E1FBE0C70006C957C /* LaunchScreen.storyboard */,
				281576211FBE0C70006C957C /* Info.plist */,
			);
			path = hockey_Reverso;
			sourceTree = "<group>";
		};
		281576271FBE0DC3006C957C /* images */ = {
			isa = PBXGroup;
			children = (
				281576281FBE0DD1006C957C /* icons */,
			);
			path = images;
			sourceTree = "<group>";
		};
		281576281FBE0DD1006C957C /* icons */ = {
			isa = PBXGroup;
			children = (
				2815762C1FBE0E1B006C957C /* Icon-16.png */,
				2815763D1FBE0E1C006C957C /* Icon-20.png */,
				281576411FBE0E1D006C957C /* Icon-29.png */,
				2815763B1FBE0E1C006C957C /* Icon-32.png */,
				281576351FBE0E1B006C957C /* Icon-40.png */,
				281576321FBE0E1B006C957C /* Icon-48.png */,
				2815762D1FBE0E1B006C957C /* Icon-50.png */,
				281576421FBE0E1D006C957C /* Icon-55.png */,
				2815762B1FBE0E1B006C957C /* Icon-57.png */,
				2815763E1FBE0E1C006C957C /* Icon-58.png */,
				281576451FBE0E1D006C957C /* Icon-60.png */,
				281576341FBE0E1B006C957C /* Icon-64.png */,
				281576391FBE0E1C006C957C /* Icon-72.png */,
				281576301FBE0E1B006C957C /* Icon-76.png */,
				281576401FBE0E1D006C957C /* Icon-80.png */,
				281576361FBE0E1C006C957C /* Icon-87.png */,
				281576381FBE0E1C006C957C /* Icon-88.png */,
				281576471FBE0E1E006C957C /* Icon-100.png */,
				2815763A1FBE0E1C006C957C /* Icon-114.png */,
				281576481FBE0E1E006C957C /* Icon-120.png */,
				281576311FBE0E1B006C957C /* Icon-128.png */,
				2815763F1FBE0E1C006C957C /* Icon-144.png */,
				281576371FBE0E1C006C957C /* Icon-152.png */,
				281576331FBE0E1B006C957C /* Icon-167.png */,
				281576461FBE0E1E006C957C /* Icon-172.png */,
				281576431FBE0E1D006C957C /* Icon-180.png */,
				2815762E1FBE0E1B006C957C /* Icon-196.png */,
				281576441FBE0E1D006C957C /* Icon-256.png */,
				2815762F1FBE0E1B006C957C /* Icon-512.png */,
				2815763C1FBE0E1C006C957C /* Icon-1024.png */,
			);
			path = icons;
			sourceTree = "<group>";
		};
/* End PBXGroup section */

/* Begin PBXNativeTarget section */
		281576111FBE0C70006C957C /* hockey_Reverso */ = {
			isa = PBXNativeTarget;
			buildConfigurationList = 281576241FBE0C70006C957C /* Build configuration list for PBXNativeTarget "hockey_Reverso" */;
			buildPhases = (
				2815760E1FBE0C70006C957C /* Sources */,
				2815760F1FBE0C70006C957C /* Frameworks */,
				281576101FBE0C70006C957C /* Resources */,
			);
			buildRules = (
			);
			dependencies = (
			);
			name = hockey_Reverso;
			productName = hockey_Reverso;
			productReference = 281576121FBE0C70006C957C /* hockey_Reverso.app */;
			productType = "com.apple.product-type.application";
		};
/* End PBXNativeTarget section */

/* Begin PBXProject section */
		2815760A1FBE0C6F006C957C /* Project object */ = {
			isa = PBXProject;
			attributes = {
				LastSwiftUpdateCheck = 0910;
				LastUpgradeCheck = 0910;
				ORGANIZATIONNAME = "Raphael Menezes";
				TargetAttributes = {
					281576111FBE0C70006C957C = {
						CreatedOnToolsVersion = 9.1;
						ProvisioningStyle = Automatic;
					};
				};
			};
			buildConfigurationList = 2815760D1FBE0C6F006C957C /* Build configuration list for PBXProject "hockey_Reverso" */;
			compatibilityVersion = "Xcode 8.0";
			developmentRegion = en;
			hasScannedForEncodings = 0;
			knownRegions = (
				en,
				Base,
			);
			mainGroup = 281576091FBE0C6F006C957C;
			productRefGroup = 281576131FBE0C70006C957C /* Products */;
			projectDirPath = "";
			projectRoot = "";
			targets = (
				281576111FBE0C70006C957C /* hockey_Reverso */,
			);
		};
/* End PBXProject section */

/* Begin PBXResourcesBuildPhase section */
		281576101FBE0C70006C957C /* Resources */ = {
			isa = PBXResourcesBuildPhase;
			buildActionMask = 2147483647;
			files = (
				281576491FBE0E1E006C957C /* Icon-57.png in Resources */,
				281576661FBE0E1E006C957C /* Icon-120.png in Resources */,
				281576201FBE0C70006C957C /* LaunchScreen.storyboard in Resources */,
				2815761D1FBE0C70006C957C /* Assets.xcassets in Resources */,
				2815761B1FBE0C70006C957C /* Main.storyboard in Resources */,
				281576501FBE0E1E006C957C /* Icon-48.png in Resources */,
				9B07A8E91FBF797600F23B9B /* hockey_Reverso.mov in Resources */,
				281576641FBE0E1E006C957C /* Icon-172.png in Resources */,
				281576651FBE0E1E006C957C /* Icon-100.png in Resources */,
				2815764C1FBE0E1E006C957C /* Icon-196.png in Resources */,
				281576611FBE0E1E006C957C /* Icon-180.png in Resources */,
				2815764D1FBE0E1E006C957C /* Icon-512.png in Resources */,
				281576511FBE0E1E006C957C /* Icon-167.png in Resources */,
				2815765A1FBE0E1E006C957C /* Icon-1024.png in Resources */,
				2815764A1FBE0E1E006C957C /* Icon-16.png in Resources */,
				281576591FBE0E1E006C957C /* Icon-32.png in Resources */,
				2815764B1FBE0E1E006C957C /* Icon-50.png in Resources */,
				281576561FBE0E1E006C957C /* Icon-88.png in Resources */,
				281576581FBE0E1E006C957C /* Icon-114.png in Resources */,
				281576601FBE0E1E006C957C /* Icon-55.png in Resources */,
				2815765C1FBE0E1E006C957C /* Icon-58.png in Resources */,
				2815765B1FBE0E1E006C957C /* Icon-20.png in Resources */,
				281576621FBE0E1E006C957C /* Icon-256.png in Resources */,
				281576571FBE0E1E006C957C /* Icon-72.png in Resources */,
				281576631FBE0E1E006C957C /* Icon-60.png in Resources */,
				2815765F1FBE0E1E006C957C /* Icon-29.png in Resources */,
				281576531FBE0E1E006C957C /* Icon-40.png in Resources */,
				2815764F1FBE0E1E006C957C /* Icon-128.png in Resources */,
				2815764E1FBE0E1E006C957C /* Icon-76.png in Resources */,
				281576551FBE0E1E006C957C /* Icon-152.png in Resources */,
				2815765E1FBE0E1E006C957C /* Icon-80.png in Resources */,
				281576521FBE0E1E006C957C /* Icon-64.png in Resources */,
				2815765D1FBE0E1E006C957C /* Icon-144.png in Resources */,
				281576541FBE0E1E006C957C /* Icon-87.png in Resources */,
			);
			runOnlyForDeploymentPostprocessing = 0;
		};
/* End PBXResourcesBuildPhase section */

/* Begin PBXSourcesBuildPhase section */
		2815760E1FBE0C70006C957C /* Sources */ = {
			isa = PBXSourcesBuildPhase;
			buildActionMask = 2147483647;
			files = (
				281576181FBE0C70006C957C /* ViewController.swift in Sources */,
				284618E01FBE6F4E00ED153E /* AddWords.swift in Sources */,
				281576161FBE0C70006C957C /* AppDelegate.swift in Sources */,
				284618DE1FBE3BAE00ED153E /* UserDefaultsManager.swift in Sources */,
			);
			runOnlyForDeploymentPostprocessing = 0;
		};
/* End PBXSourcesBuildPhase section */

/* Begin PBXVariantGroup section */
		281576191FBE0C70006C957C /* Main.storyboard */ = {
			isa = PBXVariantGroup;
			children = (
				2815761A1FBE0C70006C957C /* Base */,
			);
			name = Main.storyboard;
			sourceTree = "<group>";
		};
		2815761E1FBE0C70006C957C /* LaunchScreen.storyboard */ = {
			isa = PBXVariantGroup;
			children = (
				2815761F1FBE0C70006C957C /* Base */,
			);
			name = LaunchScreen.storyboard;
			sourceTree = "<group>";
		};
/* End PBXVariantGroup section */

/* Begin XCBuildConfiguration section */
		281576221FBE0C70006C957C /* Debug */ = {
			isa = XCBuildConfiguration;
			buildSettings = {
				ALWAYS_SEARCH_USER_PATHS = NO;
				CLANG_ANALYZER_NONNULL = YES;
				CLANG_ANALYZER_NUMBER_OBJECT_CONVERSION = YES_AGGRESSIVE;
				CLANG_CXX_LANGUAGE_STANDARD = "gnu++14";
				CLANG_CXX_LIBRARY = "libc++";
				CLANG_ENABLE_MODULES = YES;
				CLANG_ENABLE_OBJC_ARC = YES;
				CLANG_WARN_BLOCK_CAPTURE_AUTORELEASING = YES;
				CLANG_WARN_BOOL_CONVERSION = YES;
				CLANG_WARN_COMMA = YES;
				CLANG_WARN_CONSTANT_CONVERSION = YES;
				CLANG_WARN_DIRECT_OBJC_ISA_USAGE = YES_ERROR;
				CLANG_WARN_DOCUMENTATION_COMMENTS = YES;
				CLANG_WARN_EMPTY_BODY = YES;
				CLANG_WARN_ENUM_CONVERSION = YES;
				CLANG_WARN_INFINITE_RECURSION = YES;
				CLANG_WARN_INT_CONVERSION = YES;
				CLANG_WARN_NON_LITERAL_NULL_CONVERSION = YES;
				CLANG_WARN_OBJC_LITERAL_CONVERSION = YES;
				CLANG_WARN_OBJC_ROOT_CLASS = YES_ERROR;
				CLANG_WARN_RANGE_LOOP_ANALYSIS = YES;
				CLANG_WARN_STRICT_PROTOTYPES = YES;
				CLANG_WARN_SUSPICIOUS_MOVE = YES;
				CLANG_WARN_UNGUARDED_AVAILABILITY = YES_AGGRESSIVE;
				CLANG_WARN_UNREACHABLE_CODE = YES;
				CLANG_WARN__DUPLICATE_METHOD_MATCH = YES;
				CODE_SIGN_IDENTITY = "iPhone Developer";
				COPY_PHASE_STRIP = NO;
				DEBUG_INFORMATION_FORMAT = dwarf;
				ENABLE_STRICT_OBJC_MSGSEND = YES;
				ENABLE_TESTABILITY = YES;
				GCC_C_LANGUAGE_STANDARD = gnu11;
				GCC_DYNAMIC_NO_PIC = NO;
				GCC_NO_COMMON_BLOCKS = YES;
				GCC_OPTIMIZATION_LEVEL = 0;
				GCC_PREPROCESSOR_DEFINITIONS = (
					"DEBUG=1",
					"$(inherited)",
				);
				GCC_WARN_64_TO_32_BIT_CONVERSION = YES;
				GCC_WARN_ABOUT_RETURN_TYPE = YES_ERROR;
				GCC_WARN_UNDECLARED_SELECTOR = YES;
				GCC_WARN_UNINITIALIZED_AUTOS = YES_AGGRESSIVE;
				GCC_WARN_UNUSED_FUNCTION = YES;
				GCC_WARN_UNUSED_VARIABLE = YES;
				IPHONEOS_DEPLOYMENT_TARGET = 11.1;
				MTL_ENABLE_DEBUG_INFO = YES;
				ONLY_ACTIVE_ARCH = YES;
				SDKROOT = iphoneos;
				SWIFT_ACTIVE_COMPILATION_CONDITIONS = DEBUG;
				SWIFT_OPTIMIZATION_LEVEL = "-Onone";
			};
			name = Debug;
		};
		281576231FBE0C70006C957C /* Release */ = {
			isa = XCBuildConfiguration;
			buildSettings = {
				ALWAYS_SEARCH_USER_PATHS = NO;
				CLANG_ANALYZER_NONNULL = YES;
				CLANG_ANALYZER_NUMBER_OBJECT_CONVERSION = YES_AGGRESSIVE;
				CLANG_CXX_LANGUAGE_STANDARD = "gnu++14";
				CLANG_CXX_LIBRARY = "libc++";
				CLANG_ENABLE_MODULES = YES;
				CLANG_ENABLE_OBJC_ARC = YES;
				CLANG_WARN_BLOCK_CAPTURE_AUTORELEASING = YES;
				CLANG_WARN_BOOL_CONVERSION = YES;
				CLANG_WARN_COMMA = YES;
				CLANG_WARN_CONSTANT_CONVERSION = YES;
				CLANG_WARN_DIRECT_OBJC_ISA_USAGE = YES_ERROR;
				CLANG_WARN_DOCUMENTATION_COMMENTS = YES;
				CLANG_WARN_EMPTY_BODY = YES;
				CLANG_WARN_ENUM_CONVERSION = YES;
				CLANG_WARN_INFINITE_RECURSION = YES;
				CLANG_WARN_INT_CONVERSION = YES;
				CLANG_WARN_NON_LITERAL_NULL_CONVERSION = YES;
				CLANG_WARN_OBJC_LITERAL_CONVERSION = YES;
				CLANG_WARN_OBJC_ROOT_CLASS = YES_ERROR;
				CLANG_WARN_RANGE_LOOP_ANALYSIS = YES;
				CLANG_WARN_STRICT_PROTOTYPES = YES;
				CLANG_WARN_SUSPICIOUS_MOVE = YES;
				CLANG_WARN_UNGUARDED_AVAILABILITY = YES_AGGRESSIVE;
				CLANG_WARN_UNREACHABLE_CODE = YES;
				CLANG_WARN__DUPLICATE_METHOD_MATCH = YES;
				CODE_SIGN_IDENTITY = "iPhone Developer";
				COPY_PHASE_STRIP = NO;
				DEBUG_INFORMATION_FORMAT = "dwarf-with-dsym";
				ENABLE_NS_ASSERTIONS = NO;
				ENABLE_STRICT_OBJC_MSGSEND = YES;
				GCC_C_LANGUAGE_STANDARD = gnu11;
				GCC_NO_COMMON_BLOCKS = YES;
				GCC_WARN_64_TO_32_BIT_CONVERSION = YES;
				GCC_WARN_ABOUT_RETURN_TYPE = YES_ERROR;
				GCC_WARN_UNDECLARED_SELECTOR = YES;
				GCC_WARN_UNINITIALIZED_AUTOS = YES_AGGRESSIVE;
				GCC_WARN_UNUSED_FUNCTION = YES;
				GCC_WARN_UNUSED_VARIABLE = YES;
				IPHONEOS_DEPLOYMENT_TARGET = 11.1;
				MTL_ENABLE_DEBUG_INFO = NO;
				SDKROOT = iphoneos;
				SWIFT_OPTIMIZATION_LEVEL = "-Owholemodule";
				VALIDATE_PRODUCT = YES;
			};
			name = Release;
		};
		281576251FBE0C70006C957C /* Debug */ = {
			isa = XCBuildConfiguration;
			buildSettings = {
				ASSETCATALOG_COMPILER_APPICON_NAME = AppIcon;
				CODE_SIGN_STYLE = Automatic;
				INFOPLIST_FILE = hockey_Reverso/Info.plist;
				IPHONEOS_DEPLOYMENT_TARGET = 11.0;
				LD_RUNPATH_SEARCH_PATHS = "$(inherited) @executable_path/Frameworks";
				PRODUCT_BUNDLE_IDENTIFIER = "com.rmi.hockey-Reverso";
				PRODUCT_NAME = "$(TARGET_NAME)";
				SWIFT_VERSION = 4.0;
				TARGETED_DEVICE_FAMILY = "1,2";
			};
			name = Debug;
		};
		281576261FBE0C70006C957C /* Release */ = {
			isa = XCBuildConfiguration;
			buildSettings = {
				ASSETCATALOG_COMPILER_APPICON_NAME = AppIcon;
				CODE_SIGN_STYLE = Automatic;
				INFOPLIST_FILE = hockey_Reverso/Info.plist;
				IPHONEOS_DEPLOYMENT_TARGET = 11.0;
				LD_RUNPATH_SEARCH_PATHS = "$(inherited) @executable_path/Frameworks";
				PRODUCT_BUNDLE_IDENTIFIER = "com.rmi.hockey-Reverso";
				PRODUCT_NAME = "$(TARGET_NAME)";
				SWIFT_VERSION = 4.0;
				TARGETED_DEVICE_FAMILY = "1,2";
			};
			name = Release;
		};
/* End XCBuildConfiguration section */

/* Begin XCConfigurationList section */
		2815760D1FBE0C6F006C957C /* Build configuration list for PBXProject "hockey_Reverso" */ = {
			isa = XCConfigurationList;
			buildConfigurations = (
				281576221FBE0C70006C957C /* Debug */,
				281576231FBE0C70006C957C /* Release */,
			);
			defaultConfigurationIsVisible = 0;
			defaultConfigurationName = Release;
		};
		281576241FBE0C70006C957C /* Build configuration list for PBXNativeTarget "hockey_Reverso" */ = {
			isa = XCConfigurationList;
			buildConfigurations = (
				281576251FBE0C70006C957C /* Debug */,
				281576261FBE0C70006C957C /* Release */,
			);
			defaultConfigurationIsVisible = 0;
			defaultConfigurationName = Release;
		};
/* End XCConfigurationList section */
	};
	rootObject = 2815760A1FBE0C6F006C957C /* Project object */;
}
